
Microsoft Visual Studio Solution File, Format Version 12.00
# Visual Studio Version 17
VisualStudioVersion = 17.6.33815.320
MinimumVisualStudioVersion = 10.0.40219.1
Project("{FAE04EC0-301F-11D3-BF4B-00C04F79EFBC}") = "24102023", "24102023\24102023.csproj", "{58A64E99-453E-4272-93A8-39239F22522E}"
EndProject
Global
	GlobalSection(SolutionConfigurationPlatforms) = preSolution
		Debug|Any CPU = Debug|Any CPU
		Release|Any CPU = Release|Any CPU
	EndGlobalSection
	GlobalSection(ProjectConfigurationPlatforms) = postSolution
		{58A64E99-453E-4272-93A8-39239F22522E}.Debug|Any CPU.ActiveCfg = Debug|Any CPU
		{58A64E99-453E-4272-93A8-39239F22522E}.Debug|Any CPU.Build.0 = Debug|Any CPU
		{58A64E99-453E-4272-93A8-39239F22522E}.Release|Any CPU.ActiveCfg = Release|Any CPU
		{58A64E99-453E-4272-93A8-39239F22522E}.Release|Any CPU.Build.0 = Release|Any CPU
	EndGlobalSection
	GlobalSection(SolutionProperties) = preSolution
		HideSolutionNode = FALSE
	EndGlobalSection
	GlobalSection(ExtensibilityGlobals) = postSolution
		SolutionGuid = {FA3E57B9-AEF4-464C-9B20-381D3100F550}
	EndGlobalSection
EndGlobal
